
Microsoft Visual Studio Solution File, Format Version 12.00
# Visual Studio Version 16
VisualStudioVersion = 16.0.31424.327
MinimumVisualStudioVersion = 10.0.40219.1
Project("{FAE04EC0-301F-11D3-BF4B-00C04F79EFBC}") = "SQLite", "SQLite\SQLite.csproj", "{285361EE-7652-4D5D-8E14-C7F947B8AE99}"
EndProject
Global
	GlobalSection(SolutionConfigurationPlatforms) = preSolution
		Debug|Any CPU = Debug|Any CPU
		Release|Any CPU = Release|Any CPU
	EndGlobalSection
	GlobalSection(ProjectConfigurationPlatforms) = postSolution
		{285361EE-7652-4D5D-8E14-C7F947B8AE99}.Debug|Any CPU.ActiveCfg = Debug|Any CPU
		{285361EE-7652-4D5D-8E14-C7F947B8AE99}.Debug|Any CPU.Build.0 = Debug|Any CPU
		{285361EE-7652-4D5D-8E14-C7F947B8AE99}.Debug|Any CPU.Deploy.0 = Debug|Any CPU
		{285361EE-7652-4D5D-8E14-C7F947B8AE99}.Release|Any CPU.ActiveCfg = Release|Any CPU
		{285361EE-7652-4D5D-8E14-C7F947B8AE99}.Release|Any CPU.Build.0 = Release|Any CPU
		{285361EE-7652-4D5D-8E14-C7F947B8AE99}.Release|Any CPU.Deploy.0 = Release|Any CPU
	EndGlobalSection
	GlobalSection(SolutionProperties) = preSolution
		HideSolutionNode = FALSE
	EndGlobalSection
	GlobalSection(ExtensibilityGlobals) = postSolution
		SolutionGuid = {C3D424F3-6499-4B15-B4D7-F64AAC16CEEF}
	EndGlobalSection
EndGlobal
